{
  "name": "ea-webkit",
  "version": "1.0.6",
  "lockfileVersion": 1,
  "requires": true,
  "dependencies": {
    "ea-lib": {
      "version": "1.0.18",
      "resolved": "https://registry.npmjs.org/ea-lib/-/ea-lib-1.0.18.tgz",
      "integrity": "sha512-uDGR2HtzZ30Y+Vv8OFHfKkQFnOJ4tW++yQOeCQqo2lt2iY4MtvpYmZZ9YCRpIbLsdh/dWS+g2VvZVaoafQn/nQ==",
      "requires": {
        "extend": "3.0.1",
        "ini": "1.3.5"
      }
    },
    "extend": {
      "version": "3.0.1",
      "resolved": "https://registry.npmjs.org/extend/-/extend-3.0.1.tgz",
      "integrity": "sha1-p1Xqe8Gt/MWjHOfnYtuq3F5jZEQ="
    },
    "ini": {
      "version": "1.3.5",
      "resolved": "https://registry.npmjs.org/ini/-/ini-1.3.5.tgz",
      "integrity": "sha512-RZY5huIKCMRWDUqZlEi72f/lmXKMvuszcMBduliQ3nnWbx9X/ZBQO7DijMEYS9EhHBb2qacRUMtC7svLwe0lcw=="
    },
    "jquery": {
      "version": "3.2.1",
      "resolved": "https://registry.npmjs.org/jquery/-/jquery-3.2.1.tgz",
      "integrity": "sha1-XE2d5lKvbNCncBVKYxu6ErAVx4c="
    }
  }
}
